
Microsoft Visual Studio Solution File, Format Version 12.00
# Visual Studio Version 17
VisualStudioVersion = 17.1.32421.90
MinimumVisualStudioVersion = 10.0.40219.1
Project("{FAE04EC0-301F-11D3-BF4B-00C04F79EFBC}") = "demoAPI", "demoAPI\demoAPI.csproj", "{006A733F-F9BF-4A69-8E22-1DBF536D5029}"
EndProject
Global
	GlobalSection(SolutionConfigurationPlatforms) = preSolution
		Debug|Any CPU = Debug|Any CPU
		Release|Any CPU = Release|Any CPU
	EndGlobalSection
	GlobalSection(ProjectConfigurationPlatforms) = postSolution
		{006A733F-F9BF-4A69-8E22-1DBF536D5029}.Debug|Any CPU.ActiveCfg = Debug|Any CPU
		{006A733F-F9BF-4A69-8E22-1DBF536D5029}.Debug|Any CPU.Build.0 = Debug|Any CPU
		{006A733F-F9BF-4A69-8E22-1DBF536D5029}.Release|Any CPU.ActiveCfg = Release|Any CPU
		{006A733F-F9BF-4A69-8E22-1DBF536D5029}.Release|Any CPU.Build.0 = Release|Any CPU
	EndGlobalSection
	GlobalSection(SolutionProperties) = preSolution
		HideSolutionNode = FALSE
	EndGlobalSection
	GlobalSection(ExtensibilityGlobals) = postSolution
		SolutionGuid = {6DEDA35C-E07A-4C57-B6A4-01F69DB6C3BB}
	EndGlobalSection
EndGlobal
